{
  "version": 4,
  "terraform_version": "0.15.0",
  "serial": 35,
  "lineage": "2c5f3fcf-1906-4d10-5506-d737a90117da",
  "outputs": {},
  "resources": [
    {
      "mode": "data",
      "type": "aws_ami",
      "name": "ubuntu",
      "provider": "provider[\"registry.terraform.io/hashicorp/aws\"]",
      "instances": [
        {
          "schema_version": 0,
          "attributes": {
            "architecture": "x86_64",
            "arn": "arn:aws:ec2:us-east-1::image/ami-0ddbdea833a8d2f0d",
            "block_device_mappings": [
              {
                "device_name": "/dev/sda1",
                "ebs": {
                  "delete_on_termination": "true",
                  "encrypted": "false",
                  "iops": "0",
                  "snapshot_id": "snap-05778d04774cc976a",
                  "throughput": "0",
                  "volume_size": "8",
                  "volume_type": "gp2"
                },
                "no_device": "",
                "virtual_name": ""
              },
              {
                "device_name": "/dev/sdb",
                "ebs": {},
                "no_device": "",
                "virtual_name": "ephemeral0"
              },
              {
                "device_name": "/dev/sdc",
                "ebs": {},
                "no_device": "",
                "virtual_name": "ephemeral1"
              }
            ],
            "creation_date": "2021-04-16T05:35:03.000Z",
            "description": "Canonical, Ubuntu, 20.04 LTS, amd64 focal image build on 2021-04-15",
            "ena_support": true,
            "executable_users": null,
            "filter": [
              {
                "name": "name",
                "values": [
                  "ubuntu/images/hvm-ssd/ubuntu-focal-20.04-amd64-server-*"
                ]
              },
              {
                "name": "virtualization-type",
                "values": [
                  "hvm"
                ]
              }
            ],
            "hypervisor": "xen",
            "id": "ami-0ddbdea833a8d2f0d",
            "image_id": "ami-0ddbdea833a8d2f0d",
            "image_location": "099720109477/ubuntu/images/hvm-ssd/ubuntu-focal-20.04-amd64-server-20210415",
            "image_owner_alias": null,
            "image_type": "machine",
            "kernel_id": null,
            "most_recent": true,
            "name": "ubuntu/images/hvm-ssd/ubuntu-focal-20.04-amd64-server-20210415",
            "name_regex": null,
            "owner_id": "099720109477",
            "owners": [
              "099720109477"
            ],
            "platform": null,
            "platform_details": "Linux/UNIX",
            "product_codes": [],
            "public": true,
            "ramdisk_id": null,
            "root_device_name": "/dev/sda1",
            "root_device_type": "ebs",
            "root_snapshot_id": "snap-05778d04774cc976a",
            "sriov_net_support": "simple",
            "state": "available",
            "state_reason": {
              "code": "UNSET",
              "message": "UNSET"
            },
            "tags": {},
            "usage_operation": "RunInstances",
            "virtualization_type": "hvm"
          },
          "sensitive_attributes": []
        }
      ]
    },
    {
      "mode": "managed",
      "type": "aws_db_instance",
      "name": "epam_training_wpdb1",
      "provider": "provider[\"registry.terraform.io/hashicorp/aws\"]",
      "instances": [
        {
          "schema_version": 1,
          "attributes": {
            "address": "terraform-20210425155655981700000002.cror6pgzi0g9.us-east-1.rds.amazonaws.com",
            "allocated_storage": 10,
            "allow_major_version_upgrade": null,
            "apply_immediately": null,
            "arn": "arn:aws:rds:us-east-1:988477815173:db:terraform-20210425155655981700000002",
            "auto_minor_version_upgrade": true,
            "availability_zone": "us-east-1c",
            "backup_retention_period": 0,
            "backup_window": "04:17-04:47",
            "ca_cert_identifier": "rds-ca-2019",
            "character_set_name": null,
            "copy_tags_to_snapshot": false,
            "db_subnet_group_name": "terraform-20210425155652172500000001",
            "delete_automated_backups": true,
            "deletion_protection": false,
            "domain": "",
            "domain_iam_role_name": "",
            "enabled_cloudwatch_logs_exports": [],
            "endpoint": "terraform-20210425155655981700000002.cror6pgzi0g9.us-east-1.rds.amazonaws.com:3306",
            "engine": "mysql",
            "engine_version": "8.0.20",
            "final_snapshot_identifier": null,
            "hosted_zone_id": "Z2R2ITUGPM61AM",
            "iam_database_authentication_enabled": false,
            "id": "terraform-20210425155655981700000002",
            "identifier": "terraform-20210425155655981700000002",
            "identifier_prefix": null,
            "instance_class": "db.t2.micro",
            "iops": 0,
            "kms_key_id": "",
            "latest_restorable_time": "0001-01-01T00:00:00Z",
            "license_model": "general-public-license",
            "maintenance_window": "sat:08:28-sat:08:58",
            "max_allocated_storage": 0,
            "monitoring_interval": 0,
            "monitoring_role_arn": "",
            "multi_az": false,
            "name": "wp_db",
            "option_group_name": "default:mysql-8-0",
            "parameter_group_name": "default.mysql8.0",
            "password": "epam_pass",
            "performance_insights_enabled": false,
            "performance_insights_kms_key_id": "",
            "performance_insights_retention_period": 0,
            "port": 3306,
            "publicly_accessible": false,
            "replicas": [],
            "replicate_source_db": "",
            "resource_id": "db-EKSKMPC53XO2T7D7MMLEARFETE",
            "restore_to_point_in_time": [],
            "s3_import": [],
            "security_group_names": [],
            "skip_final_snapshot": true,
            "snapshot_identifier": null,
            "status": "available",
            "storage_encrypted": false,
            "storage_type": "gp2",
            "tags": {},
            "timeouts": null,
            "timezone": "",
            "username": "wp_user",
            "vpc_security_group_ids": [
              "sg-0576681e071c6d433"
            ]
          },
          "sensitive_attributes": [],
          "private": "eyJlMmJmYjczMC1lY2FhLTExZTYtOGY4OC0zNDM2M2JjN2M0YzAiOnsiY3JlYXRlIjoyNDAwMDAwMDAwMDAwLCJkZWxldGUiOjM2MDAwMDAwMDAwMDAsInVwZGF0ZSI6NDgwMDAwMDAwMDAwMH0sInNjaGVtYV92ZXJzaW9uIjoiMSJ9",
          "dependencies": [
            "aws_security_group.database-sg",
            "aws_subnet.db",
            "aws_subnet.private",
            "aws_vpc.wordpress_production",
            "aws_db_subnet_group.rds"
          ]
        }
      ]
    },
    {
      "mode": "managed",
      "type": "aws_db_subnet_group",
      "name": "rds",
      "provider": "provider[\"registry.terraform.io/hashicorp/aws\"]",
      "instances": [
        {
          "schema_version": 0,
          "attributes": {
            "arn": "arn:aws:rds:us-east-1:988477815173:subgrp:terraform-20210425155652172500000001",
            "description": "Managed by Terraform",
            "id": "terraform-20210425155652172500000001",
            "name": "terraform-20210425155652172500000001",
            "name_prefix": null,
            "subnet_ids": [
              "subnet-00e5fe6e8cb781f89",
              "subnet-0c4f601fc1567414b"
            ],
            "tags": {}
          },
          "sensitive_attributes": [],
          "private": "bnVsbA==",
          "dependencies": [
            "aws_subnet.db",
            "aws_subnet.private",
            "aws_vpc.wordpress_production"
          ]
        }
      ]
    },
    {
      "mode": "managed",
      "type": "aws_eip",
      "name": "static",
      "provider": "provider[\"registry.terraform.io/hashicorp/aws\"]",
      "instances": [
        {
          "schema_version": 0,
          "attributes": {
            "allocation_id": null,
            "associate_with_private_ip": null,
            "association_id": "eipassoc-005f5b6ea84639188",
            "carrier_ip": "",
            "customer_owned_ip": "",
            "customer_owned_ipv4_pool": "",
            "domain": "vpc",
            "id": "eipalloc-005fe667d370a822e",
            "instance": "",
            "network_border_group": "us-east-1",
            "network_interface": "eni-02ead3972a899d47d",
            "private_dns": "ip-10-168-168-165.ec2.internal",
            "private_ip": "10.168.168.165",
            "public_dns": "ec2-3-90-98-15.compute-1.amazonaws.com",
            "public_ip": "3.90.98.15",
            "public_ipv4_pool": "amazon",
            "tags": {},
            "timeouts": null,
            "vpc": true
          },
          "sensitive_attributes": [],
          "private": "eyJlMmJmYjczMC1lY2FhLTExZTYtOGY4OC0zNDM2M2JjN2M0YzAiOnsiZGVsZXRlIjoxODAwMDAwMDAwMDAsInJlYWQiOjkwMDAwMDAwMDAwMCwidXBkYXRlIjozMDAwMDAwMDAwMDB9fQ=="
        }
      ]
    },
    {
      "mode": "managed",
      "type": "aws_elb",
      "name": "wordpress",
      "provider": "provider[\"registry.terraform.io/hashicorp/aws\"]",
      "instances": [
        {
          "schema_version": 0,
          "attributes": {
            "access_logs": [],
            "arn": "arn:aws:elasticloadbalancing:us-east-1:988477815173:loadbalancer/wordpress-load-balancer",
            "availability_zones": [
              "us-east-1a",
              "us-east-1e"
            ],
            "connection_draining": true,
            "connection_draining_timeout": 400,
            "cross_zone_load_balancing": true,
            "dns_name": "wordpress-load-balancer-1311585709.us-east-1.elb.amazonaws.com",
            "health_check": [
              {
                "healthy_threshold": 2,
                "interval": 30,
                "target": "TCP:80",
                "timeout": 3,
                "unhealthy_threshold": 2
              }
            ],
            "id": "wordpress-load-balancer",
            "idle_timeout": 400,
            "instances": [
              "i-05da50e5742b18c06",
              "i-0652b588ebecd2c53"
            ],
            "internal": false,
            "listener": [
              {
                "instance_port": 80,
                "instance_protocol": "http",
                "lb_port": 80,
                "lb_protocol": "http",
                "ssl_certificate_id": ""
              }
            ],
            "name": "wordpress-load-balancer",
            "name_prefix": null,
            "security_groups": [
              "sg-047fddc96917cf293"
            ],
            "source_security_group": "988477815173/allow http and https to elb",
            "source_security_group_id": "sg-047fddc96917cf293",
            "subnets": [
              "subnet-0c4f601fc1567414b",
              "subnet-0f8a5c1a9ecdf553e"
            ],
            "tags": {
              "Name": " wordpress load balancer"
            },
            "zone_id": "Z35SXDOTRQ7X7K"
          },
          "sensitive_attributes": [],
          "private": "bnVsbA==",
          "dependencies": [
            "aws_security_group.elb_sg",
            "aws_subnet.public",
            "data.aws_ami.ubuntu",
            "aws_instance.wordpress2",
            "aws_network_interface.wrordpress_1",
            "aws_network_interface.wrordpress_2",
            "aws_security_group.wordpress-sg",
            "aws_subnet.private",
            "aws_vpc.wordpress_production",
            "aws_instance.wordpress1"
          ]
        }
      ]
    },
    {
      "mode": "managed",
      "type": "aws_instance",
      "name": "bastion",
      "provider": "provider[\"registry.terraform.io/hashicorp/aws\"]",
      "instances": [
        {
          "schema_version": 1,
          "attributes": {
            "ami": "ami-0ddbdea833a8d2f0d",
            "arn": "arn:aws:ec2:us-east-1:988477815173:instance/i-0df34d237ba66c904",
            "associate_public_ip_address": true,
            "availability_zone": "us-east-1e",
            "cpu_core_count": 1,
            "cpu_threads_per_core": 1,
            "credit_specification": [
              {
                "cpu_credits": "standard"
              }
            ],
            "disable_api_termination": false,
            "ebs_block_device": [],
            "ebs_optimized": false,
            "enclave_options": [
              {
                "enabled": false
              }
            ],
            "ephemeral_block_device": [],
            "get_password_data": false,
            "hibernation": false,
            "host_id": null,
            "iam_instance_profile": "",
            "id": "i-0df34d237ba66c904",
            "instance_initiated_shutdown_behavior": null,
            "instance_state": "running",
            "instance_type": "t2.micro",
            "ipv6_address_count": 0,
            "ipv6_addresses": [],
            "key_name": "epam-new",
            "metadata_options": [
              {
                "http_endpoint": "enabled",
                "http_put_response_hop_limit": 1,
                "http_tokens": "optional"
              }
            ],
            "monitoring": false,
            "network_interface": [
              {
                "delete_on_termination": false,
                "device_index": 0,
                "network_interface_id": "eni-0a364de1dac214fb5"
              }
            ],
            "outpost_arn": "",
            "password_data": "",
            "placement_group": "",
            "primary_network_interface_id": "eni-0a364de1dac214fb5",
            "private_dns": "ip-10-168-168-219.ec2.internal",
            "private_ip": "10.168.168.219",
            "public_dns": "",
            "public_ip": "54.210.52.208",
            "root_block_device": [
              {
                "delete_on_termination": true,
                "device_name": "/dev/sda1",
                "encrypted": false,
                "iops": 100,
                "kms_key_id": "",
                "tags": {},
                "throughput": 0,
                "volume_id": "vol-05c40a044c43e86b9",
                "volume_size": 8,
                "volume_type": "gp2"
              }
            ],
            "secondary_private_ips": [],
            "security_groups": [],
            "source_dest_check": true,
            "subnet_id": "subnet-0f8a5c1a9ecdf553e",
            "tags": {
              "Name": "bastion server"
            },
            "tenancy": "default",
            "timeouts": null,
            "user_data": null,
            "user_data_base64": null,
            "volume_tags": null,
            "vpc_security_group_ids": [
              "sg-0c390a62ebbe66f65"
            ]
          },
          "sensitive_attributes": [],
          "private": "eyJlMmJmYjczMC1lY2FhLTExZTYtOGY4OC0zNDM2M2JjN2M0YzAiOnsiY3JlYXRlIjo2MDAwMDAwMDAwMDAsImRlbGV0ZSI6MTIwMDAwMDAwMDAwMCwidXBkYXRlIjo2MDAwMDAwMDAwMDB9LCJzY2hlbWFfdmVyc2lvbiI6IjEifQ==",
          "dependencies": [
            "data.aws_ami.ubuntu",
            "aws_network_interface.bastion",
            "aws_security_group.bastion-sg",
            "aws_subnet.public",
            "aws_vpc.wordpress_production"
          ]
        }
      ]
    },
    {
      "mode": "managed",
      "type": "aws_instance",
      "name": "wordpress1",
      "provider": "provider[\"registry.terraform.io/hashicorp/aws\"]",
      "instances": [
        {
          "schema_version": 1,
          "attributes": {
            "ami": "ami-0ddbdea833a8d2f0d",
            "arn": "arn:aws:ec2:us-east-1:988477815173:instance/i-05da50e5742b18c06",
            "associate_public_ip_address": false,
            "availability_zone": "us-east-1a",
            "cpu_core_count": 1,
            "cpu_threads_per_core": 1,
            "credit_specification": [
              {
                "cpu_credits": "standard"
              }
            ],
            "disable_api_termination": false,
            "ebs_block_device": [],
            "ebs_optimized": false,
            "enclave_options": [
              {
                "enabled": false
              }
            ],
            "ephemeral_block_device": [],
            "get_password_data": false,
            "hibernation": false,
            "host_id": null,
            "iam_instance_profile": "",
            "id": "i-05da50e5742b18c06",
            "instance_initiated_shutdown_behavior": null,
            "instance_state": "running",
            "instance_type": "t2.micro",
            "ipv6_address_count": 0,
            "ipv6_addresses": [],
            "key_name": "epam-new",
            "metadata_options": [
              {
                "http_endpoint": "enabled",
                "http_put_response_hop_limit": 1,
                "http_tokens": "optional"
              }
            ],
            "monitoring": false,
            "network_interface": [
              {
                "delete_on_termination": false,
                "device_index": 0,
                "network_interface_id": "eni-04ac517d6b158950d"
              }
            ],
            "outpost_arn": "",
            "password_data": "",
            "placement_group": "",
            "primary_network_interface_id": "eni-04ac517d6b158950d",
            "private_dns": "ip-10-168-30-165.ec2.internal",
            "private_ip": "10.168.30.165",
            "public_dns": "",
            "public_ip": "",
            "root_block_device": [
              {
                "delete_on_termination": true,
                "device_name": "/dev/sda1",
                "encrypted": false,
                "iops": 100,
                "kms_key_id": "",
                "tags": {},
                "throughput": 0,
                "volume_id": "vol-023e84426799cfe23",
                "volume_size": 8,
                "volume_type": "gp2"
              }
            ],
            "secondary_private_ips": [],
            "security_groups": [],
            "source_dest_check": true,
            "subnet_id": "subnet-0c4f601fc1567414b",
            "tags": {
              "Name": "wordpress_server1"
            },
            "tenancy": "default",
            "timeouts": null,
            "user_data": null,
            "user_data_base64": null,
            "volume_tags": null,
            "vpc_security_group_ids": [
              "sg-0852df7b24ea24b72"
            ]
          },
          "sensitive_attributes": [],
          "private": "eyJlMmJmYjczMC1lY2FhLTExZTYtOGY4OC0zNDM2M2JjN2M0YzAiOnsiY3JlYXRlIjo2MDAwMDAwMDAwMDAsImRlbGV0ZSI6MTIwMDAwMDAwMDAwMCwidXBkYXRlIjo2MDAwMDAwMDAwMDB9LCJzY2hlbWFfdmVyc2lvbiI6IjEifQ==",
          "dependencies": [
            "aws_vpc.wordpress_production",
            "data.aws_ami.ubuntu",
            "aws_network_interface.wrordpress_1",
            "aws_security_group.wordpress-sg",
            "aws_subnet.private"
          ]
        }
      ]
    },
    {
      "mode": "managed",
      "type": "aws_instance",
      "name": "wordpress2",
      "provider": "provider[\"registry.terraform.io/hashicorp/aws\"]",
      "instances": [
        {
          "schema_version": 1,
          "attributes": {
            "ami": "ami-0ddbdea833a8d2f0d",
            "arn": "arn:aws:ec2:us-east-1:988477815173:instance/i-0652b588ebecd2c53",
            "associate_public_ip_address": false,
            "availability_zone": "us-east-1a",
            "cpu_core_count": 1,
            "cpu_threads_per_core": 1,
            "credit_specification": [
              {
                "cpu_credits": "standard"
              }
            ],
            "disable_api_termination": false,
            "ebs_block_device": [],
            "ebs_optimized": false,
            "enclave_options": [
              {
                "enabled": false
              }
            ],
            "ephemeral_block_device": [],
            "get_password_data": false,
            "hibernation": false,
            "host_id": null,
            "iam_instance_profile": "",
            "id": "i-0652b588ebecd2c53",
            "instance_initiated_shutdown_behavior": null,
            "instance_state": "running",
            "instance_type": "t2.micro",
            "ipv6_address_count": 0,
            "ipv6_addresses": [],
            "key_name": "epam-new",
            "metadata_options": [
              {
                "http_endpoint": "enabled",
                "http_put_response_hop_limit": 1,
                "http_tokens": "optional"
              }
            ],
            "monitoring": false,
            "network_interface": [
              {
                "delete_on_termination": false,
                "device_index": 0,
                "network_interface_id": "eni-0d9b496f3728d71e5"
              }
            ],
            "outpost_arn": "",
            "password_data": "",
            "placement_group": "",
            "primary_network_interface_id": "eni-0d9b496f3728d71e5",
            "private_dns": "ip-10-168-30-172.ec2.internal",
            "private_ip": "10.168.30.172",
            "public_dns": "",
            "public_ip": "",
            "root_block_device": [
              {
                "delete_on_termination": true,
                "device_name": "/dev/sda1",
                "encrypted": false,
                "iops": 100,
                "kms_key_id": "",
                "tags": {},
                "throughput": 0,
                "volume_id": "vol-0f0f69351af71f47a",
                "volume_size": 8,
                "volume_type": "gp2"
              }
            ],
            "secondary_private_ips": [],
            "security_groups": [],
            "source_dest_check": true,
            "subnet_id": "subnet-0c4f601fc1567414b",
            "tags": {
              "Name": "wordpress_server2"
            },
            "tenancy": "default",
            "timeouts": null,
            "user_data": null,
            "user_data_base64": null,
            "volume_tags": null,
            "vpc_security_group_ids": [
              "sg-0852df7b24ea24b72"
            ]
          },
          "sensitive_attributes": [],
          "private": "eyJlMmJmYjczMC1lY2FhLTExZTYtOGY4OC0zNDM2M2JjN2M0YzAiOnsiY3JlYXRlIjo2MDAwMDAwMDAwMDAsImRlbGV0ZSI6MTIwMDAwMDAwMDAwMCwidXBkYXRlIjo2MDAwMDAwMDAwMDB9LCJzY2hlbWFfdmVyc2lvbiI6IjEifQ==",
          "dependencies": [
            "aws_security_group.wordpress-sg",
            "aws_subnet.private",
            "aws_vpc.wordpress_production",
            "data.aws_ami.ubuntu",
            "aws_network_interface.wrordpress_2"
          ]
        }
      ]
    },
    {
      "mode": "managed",
      "type": "aws_internet_gateway",
      "name": "wordpress_igw",
      "provider": "provider[\"registry.terraform.io/hashicorp/aws\"]",
      "instances": [
        {
          "schema_version": 0,
          "attributes": {
            "arn": "arn:aws:ec2:us-east-1:988477815173:internet-gateway/igw-04ee93f55c925aacf",
            "id": "igw-04ee93f55c925aacf",
            "owner_id": "988477815173",
            "tags": {
              "Name": "load_balancer"
            },
            "vpc_id": "vpc-0511cc5b3f4749e0f"
          },
          "sensitive_attributes": [],
          "private": "bnVsbA==",
          "dependencies": [
            "aws_vpc.wordpress_production"
          ]
        }
      ]
    },
    {
      "mode": "managed",
      "type": "aws_nat_gateway",
      "name": "nat_gateway",
      "provider": "provider[\"registry.terraform.io/hashicorp/aws\"]",
      "instances": [
        {
          "schema_version": 0,
          "attributes": {
            "allocation_id": "eipalloc-005fe667d370a822e",
            "id": "nat-00c4fd273c8edfb0d",
            "network_interface_id": "eni-02ead3972a899d47d",
            "private_ip": "10.168.168.165",
            "public_ip": "3.90.98.15",
            "subnet_id": "subnet-0f8a5c1a9ecdf553e",
            "tags": {
              "Name": "nat gateway"
            }
          },
          "sensitive_attributes": [],
          "private": "bnVsbA==",
          "dependencies": [
            "aws_eip.static",
            "aws_subnet.public",
            "aws_vpc.wordpress_production"
          ]
        }
      ]
    },
    {
      "mode": "managed",
      "type": "aws_network_interface",
      "name": "bastion",
      "provider": "provider[\"registry.terraform.io/hashicorp/aws\"]",
      "instances": [
        {
          "schema_version": 0,
          "attributes": {
            "attachment": [
              {
                "attachment_id": "eni-attach-047d239da00d9bb58",
                "device_index": 0,
                "instance": "i-0df34d237ba66c904"
              }
            ],
            "description": "",
            "id": "eni-0a364de1dac214fb5",
            "ipv6_address_count": 0,
            "ipv6_addresses": [],
            "mac_address": "06:5e:be:87:e1:bd",
            "outpost_arn": "",
            "private_dns_name": "",
            "private_ip": "10.168.168.219",
            "private_ips": [
              "10.168.168.219"
            ],
            "private_ips_count": 0,
            "security_groups": [
              "sg-0c390a62ebbe66f65"
            ],
            "source_dest_check": true,
            "subnet_id": "subnet-0f8a5c1a9ecdf553e",
            "tags": {
              "Name": "bastion server interface"
            }
          },
          "sensitive_attributes": [],
          "private": "bnVsbA==",
          "dependencies": [
            "aws_security_group.bastion-sg",
            "aws_subnet.public",
            "aws_vpc.wordpress_production"
          ]
        }
      ]
    },
    {
      "mode": "managed",
      "type": "aws_network_interface",
      "name": "wrordpress_1",
      "provider": "provider[\"registry.terraform.io/hashicorp/aws\"]",
      "instances": [
        {
          "schema_version": 0,
          "attributes": {
            "attachment": [
              {
                "attachment_id": "eni-attach-0aa660606dd8cc2c0",
                "device_index": 0,
                "instance": "i-05da50e5742b18c06"
              }
            ],
            "description": "",
            "id": "eni-04ac517d6b158950d",
            "ipv6_address_count": 0,
            "ipv6_addresses": [],
            "mac_address": "02:b3:d4:14:73:47",
            "outpost_arn": "",
            "private_dns_name": "",
            "private_ip": "10.168.30.165",
            "private_ips": [
              "10.168.30.165"
            ],
            "private_ips_count": 0,
            "security_groups": [
              "sg-0852df7b24ea24b72"
            ],
            "source_dest_check": true,
            "subnet_id": "subnet-0c4f601fc1567414b",
            "tags": {
              "Name": "wordpress1 network interface"
            }
          },
          "sensitive_attributes": [],
          "private": "bnVsbA==",
          "dependencies": [
            "aws_security_group.wordpress-sg",
            "aws_subnet.private",
            "aws_vpc.wordpress_production"
          ]
        }
      ]
    },
    {
      "mode": "managed",
      "type": "aws_network_interface",
      "name": "wrordpress_2",
      "provider": "provider[\"registry.terraform.io/hashicorp/aws\"]",
      "instances": [
        {
          "schema_version": 0,
          "attributes": {
            "attachment": [
              {
                "attachment_id": "eni-attach-0a9766e4258023974",
                "device_index": 0,
                "instance": "i-0652b588ebecd2c53"
              }
            ],
            "description": "",
            "id": "eni-0d9b496f3728d71e5",
            "ipv6_address_count": 0,
            "ipv6_addresses": [],
            "mac_address": "02:24:b4:71:d9:13",
            "outpost_arn": "",
            "private_dns_name": "",
            "private_ip": "10.168.30.172",
            "private_ips": [
              "10.168.30.172"
            ],
            "private_ips_count": 0,
            "security_groups": [
              "sg-0852df7b24ea24b72"
            ],
            "source_dest_check": true,
            "subnet_id": "subnet-0c4f601fc1567414b",
            "tags": {
              "Name": "wordpress2 network interface"
            }
          },
          "sensitive_attributes": [],
          "private": "bnVsbA==",
          "dependencies": [
            "aws_security_group.wordpress-sg",
            "aws_subnet.private",
            "aws_vpc.wordpress_production"
          ]
        }
      ]
    },
    {
      "mode": "managed",
      "type": "aws_route_table",
      "name": "ptivate_route_table",
      "provider": "provider[\"registry.terraform.io/hashicorp/aws\"]",
      "instances": [
        {
          "schema_version": 0,
          "attributes": {
            "arn": "arn:aws:ec2:us-east-1:988477815173:route-table/rtb-00ea4dd44acd3dc17",
            "id": "rtb-00ea4dd44acd3dc17",
            "owner_id": "988477815173",
            "propagating_vgws": [],
            "route": [
              {
                "carrier_gateway_id": "",
                "cidr_block": "0.0.0.0/0",
                "destination_prefix_list_id": "",
                "egress_only_gateway_id": "",
                "gateway_id": "nat-00c4fd273c8edfb0d",
                "instance_id": "",
                "ipv6_cidr_block": "",
                "local_gateway_id": "",
                "nat_gateway_id": "",
                "network_interface_id": "",
                "transit_gateway_id": "",
                "vpc_endpoint_id": "",
                "vpc_peering_connection_id": ""
              }
            ],
            "tags": {
              "Name": "private route table"
            },
            "vpc_id": "vpc-0511cc5b3f4749e0f"
          },
          "sensitive_attributes": [],
          "private": "bnVsbA==",
          "dependencies": [
            "aws_nat_gateway.nat_gateway",
            "aws_vpc.wordpress_production"
          ]
        }
      ]
    },
    {
      "mode": "managed",
      "type": "aws_route_table",
      "name": "public_route_table",
      "provider": "provider[\"registry.terraform.io/hashicorp/aws\"]",
      "instances": [
        {
          "schema_version": 0,
          "attributes": {
            "arn": "arn:aws:ec2:us-east-1:988477815173:route-table/rtb-0be400716a0e35a0b",
            "id": "rtb-0be400716a0e35a0b",
            "owner_id": "988477815173",
            "propagating_vgws": [],
            "route": [
              {
                "carrier_gateway_id": "",
                "cidr_block": "0.0.0.0/0",
                "destination_prefix_list_id": "",
                "egress_only_gateway_id": "",
                "gateway_id": "igw-04ee93f55c925aacf",
                "instance_id": "",
                "ipv6_cidr_block": "",
                "local_gateway_id": "",
                "nat_gateway_id": "",
                "network_interface_id": "",
                "transit_gateway_id": "",
                "vpc_endpoint_id": "",
                "vpc_peering_connection_id": ""
              }
            ],
            "tags": {
              "Name": "public route table"
            },
            "vpc_id": "vpc-0511cc5b3f4749e0f"
          },
          "sensitive_attributes": [],
          "private": "bnVsbA==",
          "dependencies": [
            "aws_internet_gateway.wordpress_igw",
            "aws_vpc.wordpress_production"
          ]
        }
      ]
    },
    {
      "mode": "managed",
      "type": "aws_route_table_association",
      "name": "private",
      "provider": "provider[\"registry.terraform.io/hashicorp/aws\"]",
      "instances": [
        {
          "schema_version": 0,
          "attributes": {
            "gateway_id": null,
            "id": "rtbassoc-0ea7d393a1d73ad29",
            "route_table_id": "rtb-00ea4dd44acd3dc17",
            "subnet_id": "subnet-0c4f601fc1567414b"
          },
          "sensitive_attributes": [],
          "private": "bnVsbA==",
          "dependencies": [
            "aws_route_table.ptivate_route_table",
            "aws_subnet.private",
            "aws_subnet.public",
            "aws_vpc.wordpress_production",
            "aws_eip.static",
            "aws_nat_gateway.nat_gateway"
          ]
        }
      ]
    },
    {
      "mode": "managed",
      "type": "aws_route_table_association",
      "name": "public",
      "provider": "provider[\"registry.terraform.io/hashicorp/aws\"]",
      "instances": [
        {
          "schema_version": 0,
          "attributes": {
            "gateway_id": null,
            "id": "rtbassoc-0bdd1d52367899427",
            "route_table_id": "rtb-0be400716a0e35a0b",
            "subnet_id": "subnet-0f8a5c1a9ecdf553e"
          },
          "sensitive_attributes": [],
          "private": "bnVsbA==",
          "dependencies": [
            "aws_internet_gateway.wordpress_igw",
            "aws_route_table.public_route_table",
            "aws_subnet.public",
            "aws_vpc.wordpress_production"
          ]
        }
      ]
    },
    {
      "mode": "managed",
      "type": "aws_security_group",
      "name": "bastion-sg",
      "provider": "provider[\"registry.terraform.io/hashicorp/aws\"]",
      "instances": [
        {
          "schema_version": 1,
          "attributes": {
            "arn": "arn:aws:ec2:us-east-1:988477815173:security-group/sg-0c390a62ebbe66f65",
            "description": "Allow SSH inbound traffic",
            "egress": [
              {
                "cidr_blocks": [
                  "0.0.0.0/0"
                ],
                "description": "",
                "from_port": 0,
                "ipv6_cidr_blocks": [
                  "::/0"
                ],
                "prefix_list_ids": [],
                "protocol": "-1",
                "security_groups": [],
                "self": false,
                "to_port": 0
              }
            ],
            "id": "sg-0c390a62ebbe66f65",
            "ingress": [
              {
                "cidr_blocks": [
                  "0.0.0.0/0"
                ],
                "description": "SSH from world",
                "from_port": 22,
                "ipv6_cidr_blocks": [],
                "prefix_list_ids": [],
                "protocol": "tcp",
                "security_groups": [],
                "self": false,
                "to_port": 22
              }
            ],
            "name": "allow ssh to bastion",
            "name_prefix": "",
            "owner_id": "988477815173",
            "revoke_rules_on_delete": false,
            "tags": {
              "Name": "allow_ssh"
            },
            "timeouts": null,
            "vpc_id": "vpc-0511cc5b3f4749e0f"
          },
          "sensitive_attributes": [],
          "private": "eyJlMmJmYjczMC1lY2FhLTExZTYtOGY4OC0zNDM2M2JjN2M0YzAiOnsiY3JlYXRlIjo2MDAwMDAwMDAwMDAsImRlbGV0ZSI6OTAwMDAwMDAwMDAwfSwic2NoZW1hX3ZlcnNpb24iOiIxIn0=",
          "dependencies": [
            "aws_vpc.wordpress_production"
          ]
        }
      ]
    },
    {
      "mode": "managed",
      "type": "aws_security_group",
      "name": "database-sg",
      "provider": "provider[\"registry.terraform.io/hashicorp/aws\"]",
      "instances": [
        {
          "schema_version": 1,
          "attributes": {
            "arn": "arn:aws:ec2:us-east-1:988477815173:security-group/sg-0576681e071c6d433",
            "description": "allow to database",
            "egress": [
              {
                "cidr_blocks": [
                  "0.0.0.0/0"
                ],
                "description": "",
                "from_port": 0,
                "ipv6_cidr_blocks": [
                  "::/0"
                ],
                "prefix_list_ids": [],
                "protocol": "-1",
                "security_groups": [],
                "self": false,
                "to_port": 0
              }
            ],
            "id": "sg-0576681e071c6d433",
            "ingress": [
              {
                "cidr_blocks": [
                  "10.168.30.0/24"
                ],
                "description": "databace from private",
                "from_port": 3306,
                "ipv6_cidr_blocks": [],
                "prefix_list_ids": [],
                "protocol": "tcp",
                "security_groups": [],
                "self": false,
                "to_port": 3306
              }
            ],
            "name": "allow to db",
            "name_prefix": "",
            "owner_id": "988477815173",
            "revoke_rules_on_delete": false,
            "tags": {
              "Name": "allow_ssh"
            },
            "timeouts": null,
            "vpc_id": "vpc-0511cc5b3f4749e0f"
          },
          "sensitive_attributes": [],
          "private": "eyJlMmJmYjczMC1lY2FhLTExZTYtOGY4OC0zNDM2M2JjN2M0YzAiOnsiY3JlYXRlIjo2MDAwMDAwMDAwMDAsImRlbGV0ZSI6OTAwMDAwMDAwMDAwfSwic2NoZW1hX3ZlcnNpb24iOiIxIn0=",
          "dependencies": [
            "aws_vpc.wordpress_production"
          ]
        }
      ]
    },
    {
      "mode": "managed",
      "type": "aws_security_group",
      "name": "elb_sg",
      "provider": "provider[\"registry.terraform.io/hashicorp/aws\"]",
      "instances": [
        {
          "schema_version": 1,
          "attributes": {
            "arn": "arn:aws:ec2:us-east-1:988477815173:security-group/sg-047fddc96917cf293",
            "description": "Allow http and https inbound traffic",
            "egress": [
              {
                "cidr_blocks": [
                  "0.0.0.0/0"
                ],
                "description": "",
                "from_port": 0,
                "ipv6_cidr_blocks": [
                  "::/0"
                ],
                "prefix_list_ids": [],
                "protocol": "-1",
                "security_groups": [],
                "self": false,
                "to_port": 0
              }
            ],
            "id": "sg-047fddc96917cf293",
            "ingress": [
              {
                "cidr_blocks": [
                  "0.0.0.0/0"
                ],
                "description": "allow http and https from public",
                "from_port": 443,
                "ipv6_cidr_blocks": [],
                "prefix_list_ids": [],
                "protocol": "tcp",
                "security_groups": [],
                "self": false,
                "to_port": 443
              },
              {
                "cidr_blocks": [
                  "0.0.0.0/0"
                ],
                "description": "allow http and https from public",
                "from_port": 80,
                "ipv6_cidr_blocks": [],
                "prefix_list_ids": [],
                "protocol": "tcp",
                "security_groups": [],
                "self": false,
                "to_port": 80
              }
            ],
            "name": "allow http and https to elb",
            "name_prefix": "",
            "owner_id": "988477815173",
            "revoke_rules_on_delete": false,
            "tags": {
              "Name": "allow http and https worldwire"
            },
            "timeouts": null,
            "vpc_id": "vpc-0511cc5b3f4749e0f"
          },
          "sensitive_attributes": [],
          "private": "eyJlMmJmYjczMC1lY2FhLTExZTYtOGY4OC0zNDM2M2JjN2M0YzAiOnsiY3JlYXRlIjo2MDAwMDAwMDAwMDAsImRlbGV0ZSI6OTAwMDAwMDAwMDAwfSwic2NoZW1hX3ZlcnNpb24iOiIxIn0=",
          "dependencies": [
            "aws_vpc.wordpress_production"
          ]
        }
      ]
    },
    {
      "mode": "managed",
      "type": "aws_security_group",
      "name": "wordpress-sg",
      "provider": "provider[\"registry.terraform.io/hashicorp/aws\"]",
      "instances": [
        {
          "schema_version": 1,
          "attributes": {
            "arn": "arn:aws:ec2:us-east-1:988477815173:security-group/sg-0852df7b24ea24b72",
            "description": "Allow http and https inbound traffic",
            "egress": [
              {
                "cidr_blocks": [
                  "0.0.0.0/0"
                ],
                "description": "",
                "from_port": 0,
                "ipv6_cidr_blocks": [
                  "::/0"
                ],
                "prefix_list_ids": [],
                "protocol": "-1",
                "security_groups": [],
                "self": false,
                "to_port": 0
              }
            ],
            "id": "sg-0852df7b24ea24b72",
            "ingress": [
              {
                "cidr_blocks": [
                  "10.168.168.0/24"
                ],
                "description": "allow http and https from public",
                "from_port": 22,
                "ipv6_cidr_blocks": [],
                "prefix_list_ids": [],
                "protocol": "tcp",
                "security_groups": [],
                "self": false,
                "to_port": 22
              },
              {
                "cidr_blocks": [
                  "10.168.168.0/24"
                ],
                "description": "allow http and https from public",
                "from_port": 443,
                "ipv6_cidr_blocks": [],
                "prefix_list_ids": [],
                "protocol": "tcp",
                "security_groups": [],
                "self": false,
                "to_port": 443
              },
              {
                "cidr_blocks": [
                  "10.168.168.0/24"
                ],
                "description": "allow http and https from public",
                "from_port": 80,
                "ipv6_cidr_blocks": [],
                "prefix_list_ids": [],
                "protocol": "tcp",
                "security_groups": [],
                "self": false,
                "to_port": 80
              }
            ],
            "name": "allow http and ssl to bastion",
            "name_prefix": "",
            "owner_id": "988477815173",
            "revoke_rules_on_delete": false,
            "tags": {
              "Name": "allow http and https"
            },
            "timeouts": null,
            "vpc_id": "vpc-0511cc5b3f4749e0f"
          },
          "sensitive_attributes": [],
          "private": "eyJlMmJmYjczMC1lY2FhLTExZTYtOGY4OC0zNDM2M2JjN2M0YzAiOnsiY3JlYXRlIjo2MDAwMDAwMDAwMDAsImRlbGV0ZSI6OTAwMDAwMDAwMDAwfSwic2NoZW1hX3ZlcnNpb24iOiIxIn0=",
          "dependencies": [
            "aws_vpc.wordpress_production"
          ]
        }
      ]
    },
    {
      "mode": "managed",
      "type": "aws_subnet",
      "name": "db",
      "provider": "provider[\"registry.terraform.io/hashicorp/aws\"]",
      "instances": [
        {
          "schema_version": 1,
          "attributes": {
            "arn": "arn:aws:ec2:us-east-1:988477815173:subnet/subnet-00e5fe6e8cb781f89",
            "assign_ipv6_address_on_creation": false,
            "availability_zone": "us-east-1c",
            "availability_zone_id": "use1-az4",
            "cidr_block": "10.168.50.0/24",
            "customer_owned_ipv4_pool": "",
            "id": "subnet-00e5fe6e8cb781f89",
            "ipv6_cidr_block": "",
            "ipv6_cidr_block_association_id": "",
            "map_customer_owned_ip_on_launch": false,
            "map_public_ip_on_launch": false,
            "outpost_arn": "",
            "owner_id": "988477815173",
            "tags": {
              "Name": "rds"
            },
            "tags_all": {
              "Name": "rds"
            },
            "timeouts": null,
            "vpc_id": "vpc-0511cc5b3f4749e0f"
          },
          "sensitive_attributes": [],
          "private": "eyJlMmJmYjczMC1lY2FhLTExZTYtOGY4OC0zNDM2M2JjN2M0YzAiOnsiY3JlYXRlIjo2MDAwMDAwMDAwMDAsImRlbGV0ZSI6MTIwMDAwMDAwMDAwMH0sInNjaGVtYV92ZXJzaW9uIjoiMSJ9",
          "dependencies": [
            "aws_vpc.wordpress_production"
          ]
        }
      ]
    },
    {
      "mode": "managed",
      "type": "aws_subnet",
      "name": "private",
      "provider": "provider[\"registry.terraform.io/hashicorp/aws\"]",
      "instances": [
        {
          "schema_version": 1,
          "attributes": {
            "arn": "arn:aws:ec2:us-east-1:988477815173:subnet/subnet-0c4f601fc1567414b",
            "assign_ipv6_address_on_creation": false,
            "availability_zone": "us-east-1a",
            "availability_zone_id": "use1-az1",
            "cidr_block": "10.168.30.0/24",
            "customer_owned_ipv4_pool": "",
            "id": "subnet-0c4f601fc1567414b",
            "ipv6_cidr_block": "",
            "ipv6_cidr_block_association_id": "",
            "map_customer_owned_ip_on_launch": false,
            "map_public_ip_on_launch": false,
            "outpost_arn": "",
            "owner_id": "988477815173",
            "tags": {
              "Name": "web_servers"
            },
            "tags_all": {
              "Name": "web_servers"
            },
            "timeouts": null,
            "vpc_id": "vpc-0511cc5b3f4749e0f"
          },
          "sensitive_attributes": [],
          "private": "eyJlMmJmYjczMC1lY2FhLTExZTYtOGY4OC0zNDM2M2JjN2M0YzAiOnsiY3JlYXRlIjo2MDAwMDAwMDAwMDAsImRlbGV0ZSI6MTIwMDAwMDAwMDAwMH0sInNjaGVtYV92ZXJzaW9uIjoiMSJ9",
          "dependencies": [
            "aws_vpc.wordpress_production"
          ]
        }
      ]
    },
    {
      "mode": "managed",
      "type": "aws_subnet",
      "name": "public",
      "provider": "provider[\"registry.terraform.io/hashicorp/aws\"]",
      "instances": [
        {
          "schema_version": 1,
          "attributes": {
            "arn": "arn:aws:ec2:us-east-1:988477815173:subnet/subnet-0f8a5c1a9ecdf553e",
            "assign_ipv6_address_on_creation": false,
            "availability_zone": "us-east-1e",
            "availability_zone_id": "use1-az3",
            "cidr_block": "10.168.168.0/24",
            "customer_owned_ipv4_pool": "",
            "id": "subnet-0f8a5c1a9ecdf553e",
            "ipv6_cidr_block": "",
            "ipv6_cidr_block_association_id": "",
            "map_customer_owned_ip_on_launch": false,
            "map_public_ip_on_launch": true,
            "outpost_arn": "",
            "owner_id": "988477815173",
            "tags": {
              "Name": "load_balancer"
            },
            "tags_all": {
              "Name": "load_balancer"
            },
            "timeouts": null,
            "vpc_id": "vpc-0511cc5b3f4749e0f"
          },
          "sensitive_attributes": [],
          "private": "eyJlMmJmYjczMC1lY2FhLTExZTYtOGY4OC0zNDM2M2JjN2M0YzAiOnsiY3JlYXRlIjo2MDAwMDAwMDAwMDAsImRlbGV0ZSI6MTIwMDAwMDAwMDAwMH0sInNjaGVtYV92ZXJzaW9uIjoiMSJ9",
          "dependencies": [
            "aws_vpc.wordpress_production"
          ]
        }
      ]
    },
    {
      "mode": "managed",
      "type": "aws_vpc",
      "name": "wordpress_production",
      "provider": "provider[\"registry.terraform.io/hashicorp/aws\"]",
      "instances": [
        {
          "schema_version": 1,
          "attributes": {
            "arn": "arn:aws:ec2:us-east-1:988477815173:vpc/vpc-0511cc5b3f4749e0f",
            "assign_generated_ipv6_cidr_block": false,
            "cidr_block": "10.168.0.0/16",
            "default_network_acl_id": "acl-04970a0c77f79b773",
            "default_route_table_id": "rtb-0a192713659f32449",
            "default_security_group_id": "sg-07cb6e77792abc84b",
            "dhcp_options_id": "dopt-f0c6998a",
            "enable_classiclink": false,
            "enable_classiclink_dns_support": false,
            "enable_dns_hostnames": false,
            "enable_dns_support": true,
            "id": "vpc-0511cc5b3f4749e0f",
            "instance_tenancy": "default",
            "ipv6_association_id": "",
            "ipv6_cidr_block": "",
            "main_route_table_id": "rtb-0a192713659f32449",
            "owner_id": "988477815173",
            "tags": {},
            "tags_all": {}
          },
          "sensitive_attributes": [],
          "private": "eyJzY2hlbWFfdmVyc2lvbiI6IjEifQ=="
        }
      ]
    },
    {
      "mode": "managed",
      "type": "local_file",
      "name": "sshconfig",
      "provider": "provider[\"registry.terraform.io/hashicorp/local\"]",
      "instances": [
        {
          "schema_version": 0,
          "attributes": {
            "content": "Host bastion\n    HostName 54.210.52.208\n    User ubuntu\n    IdentityFile ~/.ssh/aws_key\n\nHost wordpress1\n  HostName 10.168.30.165\n  ProxyJump  bastion\n  User ubuntu\n  IdentityFile ~/.ssh/aws_key\n\nHost wordpress2\n  HostName 10.168.30.165\n  ProxyJump  bastion\n  User ubuntu  \n  IdentityFile ~/.ssh/aws_key\n",
            "content_base64": null,
            "directory_permission": "0777",
            "file_permission": "0777",
            "filename": "config",
            "id": "7da4e5a7d8041584773dda716d5d2d6bbb2382c7",
            "sensitive_content": null,
            "source": null
          },
          "sensitive_attributes": [],
          "private": "bnVsbA==",
          "dependencies": [
            "aws_vpc.wordpress_production",
            "data.aws_ami.ubuntu",
            "aws_instance.wordpress1",
            "aws_network_interface.wrordpress_1",
            "aws_security_group.bastion-sg",
            "aws_security_group.wordpress-sg",
            "aws_subnet.private",
            "aws_instance.bastion",
            "aws_network_interface.bastion",
            "aws_subnet.public"
          ]
        }
      ]
    },
    {
      "mode": "managed",
      "type": "local_file",
      "name": "wordpress_config",
      "provider": "provider[\"registry.terraform.io/hashicorp/local\"]",
      "instances": [
        {
          "schema_version": 0,
          "attributes": {
            "content": "\u003c?php\n/**\n * The base configuration for WordPress\n *\n * The wp-config.php creation script uses this file during the\n * installation. You don't have to use the web site, you can\n * copy this file to \"wp-config.php\" and fill in the values.\n *\n * This file contains the following configurations:\n *\n * * MySQL settings\n * * Secret keys\n * * Database table prefix\n * * ABSPATH\n *\n * @link https://wordpress.org/support/article/editing-wp-config-php/\n *\n * @package WordPress\n */\n\n// ** MySQL settings - You can get this info from your web host ** //\n/** The name of the database for WordPress */\ndefine( 'DB_NAME', '{{ wp_db_name }}' );\n\n/** MySQL database username */\ndefine( 'DB_USER', '{{ wp_mysql_user }}' );\n\n/** MySQL database password */\ndefine( 'DB_PASSWORD', '{{ wp_mysql_pass}}' );\n\n/** MySQL hostname */\ndefine( 'DB_HOST', 'terraform-20210425155655981700000002.cror6pgzi0g9.us-east-1.rds.amazonaws.com' );\n\n/** Database Charset to use in creating database tables. */\ndefine( 'DB_CHARSET', 'utf8' );\n\n/** The Database Collate type. Don't change this if in doubt. */\ndefine( 'DB_COLLATE', '' );\n\n/**#@+\n * Authentication Unique Keys and Salts.\n *\n * Change these to different unique phrases!\n * You can generate these using the {@link https://api.wordpress.org/secret-key/1.1/salt/ WordPress.org secret-key service}\n * You can change these at any point in time to invalidate all existing cookies. This will force all users to have to log in again.\n *\n * @since 2.6.0\n */\ndefine( 'AUTH_KEY',         'put your unique phrase here' );\ndefine( 'SECURE_AUTH_KEY',  'put your unique phrase here' );\ndefine( 'LOGGED_IN_KEY',    'put your unique phrase here' );\ndefine( 'NONCE_KEY',        'put your unique phrase here' );\ndefine( 'AUTH_SALT',        'put your unique phrase here' );\ndefine( 'SECURE_AUTH_SALT', 'put your unique phrase here' );\ndefine( 'LOGGED_IN_SALT',   'put your unique phrase here' );\ndefine( 'NONCE_SALT',       'put your unique phrase here' );\n\n/**#@-*/\n\n/**\n * WordPress Database Table prefix.\n *\n * You can have multiple installations in one database if you give each\n * a unique prefix. Only numbers, letters, and underscores please!\n */\n$table_prefix = 'wp_';\n\n/**\n * For developers: WordPress debugging mode.\n *\n * Change this to true to enable the display of notices during development.\n * It is strongly recommended that plugin and theme developers use WP_DEBUG\n * in their development environments.\n *\n * For information on other constants that can be used for debugging,\n * visit the documentation.\n *\n * @link https://wordpress.org/support/article/debugging-in-wordpress/\n */\ndefine( 'WP_DEBUG', false );\n\n/* That's all, stop editing! Happy publishing. */\n\n/** Absolute path to the WordPress directory. */\nif ( ! defined( 'ABSPATH' ) ) {\n\tdefine( 'ABSPATH', __DIR__ . '/' );\n}\n\n/** Sets up WordPress vars and included files. */\nrequire_once ABSPATH . 'wp-settings.php';\n\n",
            "content_base64": null,
            "directory_permission": "0777",
            "file_permission": "0777",
            "filename": "wordpress/templates/wp-config.j2",
            "id": "dc80abc7d3cb39f68b50954b772aaf6cbca2b32e",
            "sensitive_content": null,
            "source": null
          },
          "sensitive_attributes": [],
          "private": "bnVsbA==",
          "dependencies": [
            "aws_db_instance.epam_training_wpdb1",
            "aws_db_subnet_group.rds",
            "aws_security_group.database-sg",
            "aws_subnet.db",
            "aws_subnet.private",
            "aws_vpc.wordpress_production"
          ]
        }
      ]
    },
    {
      "mode": "managed",
      "type": "null_resource",
      "name": "cp_ssh_file",
      "provider": "provider[\"registry.terraform.io/hashicorp/null\"]",
      "instances": [
        {
          "schema_version": 0,
          "attributes": {
            "id": "4973356107502130328",
            "triggers": null
          },
          "sensitive_attributes": [],
          "private": "bnVsbA=="
        }
      ]
    },
    {
      "mode": "managed",
      "type": "null_resource",
      "name": "run_ansible",
      "provider": "provider[\"registry.terraform.io/hashicorp/null\"]",
      "instances": [
        {
          "status": "tainted",
          "schema_version": 0,
          "attributes": {
            "id": "4015100426246635232",
            "triggers": null
          },
          "sensitive_attributes": [],
          "private": "bnVsbA=="
        }
      ]
    }
  ]
}
